dependencies:
- name: redis
  repository: https://charts.bitnami.com/bitnami
  version: 20.3.0
- name: common
  repository: http://localhost:18080
  version: 13.2.19
- name: repositoryGenerator
  repository: http://localhost:18080
  version: 13.0.3
digest: sha256:5ee3d81fa825bf7a61eddd2e495099fbb23fd4310b0bbcfaaa4f89dd8dfe2ae2
generated: "2025-11-18T11:35:44.3633623+05:30"
