dependencies:
- name: common
  repository: file://../common/common
  version: 13.2.19
- name: policy-nexus
  repository: file://components/policy-nexus
  version: 15.0.2
- name: policy-api
  repository: file://components/policy-api
  version: 16.0.4
- name: policy-pap
  repository: file://components/policy-pap
  version: 16.0.4
- name: policy-xacml-pdp
  repository: file://components/policy-xacml-pdp
  version: 16.0.4
- name: policy-apex-pdp
  repository: file://components/policy-apex-pdp
  version: 16.0.2
- name: policy-drools-pdp
  repository: file://components/policy-drools-pdp
  version: 16.0.4
- name: policy-opa-pdp
  repository: file://components/policy-opa-pdp
  version: 16.0.5
- name: policy-distribution
  repository: file://components/policy-distribution
  version: 16.0.2
- name: policy-clamp-ac-k8s-ppnt
  repository: file://components/policy-clamp-ac-k8s-ppnt
  version: 16.0.2
- name: policy-clamp-ac-http-ppnt
  repository: file://components/policy-clamp-ac-http-ppnt
  version: 16.0.2
- name: policy-clamp-ac-a1pms-ppnt
  repository: file://components/policy-clamp-ac-a1pms-ppnt
  version: 16.0.3
- name: policy-clamp-ac-kserve-ppnt
  repository: file://components/policy-clamp-ac-kserve-ppnt
  version: 16.0.2
- name: policy-clamp-ac-pf-ppnt
  repository: file://components/policy-clamp-ac-pf-ppnt
  version: 16.0.2
- name: policy-clamp-runtime-acm
  repository: file://components/policy-clamp-runtime-acm
  version: 16.0.3
- name: repositoryGenerator
  repository: file://../common/repositoryGenerator
  version: 13.0.3
- name: serviceAccount
  repository: file://../common/serviceAccount
  version: 13.0.2
- name: postgres
  repository: file://../common/postgres
  version: 13.1.0
digest: sha256:899700ade89607376a0f693d3baf5f731d9f9999e366542895465b49a9fef824
generated: "2025-12-17T13:44:17.520865455+05:30"
