dependencies:
- name: authentication
  repository: http://localhost:18080
  version: 15.0.1
- name: aai
  repository: http://localhost:18080
  version: 16.0.1
- name: cassandra
  repository: http://localhost:18080
  version: 16.0.0
- name: cds
  repository: http://localhost:18080
  version: 16.0.0
- name: common
  repository: http://localhost:18080
  version: 13.2.19
- name: cps
  repository: http://localhost:18080
  version: 13.0.2
- name: dcaegen2-services
  repository: http://localhost:18080
  version: 15.0.1
- name: mariadb-galera
  repository: http://localhost:18080
  version: 16.0.0
- name: multicloud
  repository: http://localhost:18080
  version: 15.0.3
- name: policy
  repository: http://localhost:18080
  version: 16.0.10
- name: portal-ng
  repository: http://localhost:18080
  version: 14.1.0
- name: postgres
  repository: http://localhost:18080
  version: 13.1.0
- name: repository-wrapper
  repository: http://localhost:18080
  version: 13.0.0
- name: robot
  repository: http://localhost:18080
  version: 13.0.0
- name: sdc
  repository: http://localhost:18080
  version: 13.0.8
- name: sdnc
  repository: http://localhost:18080
  version: 16.0.0
- name: so
  repository: http://localhost:18080
  version: 16.0.4
- name: strimzi
  repository: http://localhost:18080
  version: 16.0.0
- name: uui
  repository: http://localhost:18080
  version: 16.0.1
- name: platform
  repository: http://localhost:18080
  version: 13.0.1
- name: a1policymanagement
  repository: http://localhost:18080
  version: 13.0.0
- name: roles-wrapper
  repository: http://localhost:18080
  version: 13.0.0
digest: sha256:2ce61f12bf2d4245dad952dca882ffa4e8a6d9876798718e680c6307b82f4074
generated: "2025-11-18T12:37:16.342213805+05:30"
