dependencies:
- name: common
  repository: http://localhost:18080
  version: 13.2.19
- name: repositoryGenerator
  repository: http://localhost:18080
  version: 13.0.3
- name: uui-server
  repository: file://components/uui-server
  version: 16.0.1
- name: uui-nlp
  repository: file://components/uui-nlp
  version: 13.0.0
- name: uui-intent-analysis
  repository: file://components/uui-intent-analysis
  version: 16.0.1
- name: uui-llm-adaptation
  repository: file://components/uui-llm-adaptation
  version: 16.0.1
- name: nginx
  repository: http://localhost:18080
  version: 18.3.5
digest: sha256:5917bd0a963240769fc7be92daaaf8942e36ca517b94aa354e26af9b25ee19b4
generated: "2025-11-18T12:36:33.955784363+05:30"
