dependencies:
- name: common
  repository: http://localhost:18080
  version: 13.2.19
- name: repositoryGenerator
  repository: http://localhost:18080
  version: 13.0.3
- name: readinessCheck
  repository: http://localhost:18080
  version: 13.1.4
- name: serviceAccount
  repository: http://localhost:18080
  version: 13.0.2
- name: dcaegen2-services-common
  repository: http://localhost:18080
  version: 13.0.0
digest: sha256:ef957172744e62a8b426b1cef3ebbf08452d622abb985472a49e290cefbfd27b
generated: "2025-11-18T11:50:05.80938558+05:30"
