dependencies:
- name: common
  repository: http://localhost:18080
  version: 13.2.19
- name: readinessCheck
  repository: http://localhost:18080
  version: 13.1.4
- name: mariadb-galera
  repository: http://localhost:18080
  version: 16.0.0
- name: repositoryGenerator
  repository: http://localhost:18080
  version: 13.0.3
- name: soHelpers
  repository: file://components/soHelpers
  version: 13.0.1
- name: so-admin-cockpit
  repository: file://components/so-admin-cockpit
  version: 15.0.0
- name: so-bpmn-infra
  repository: file://components/so-bpmn-infra
  version: 15.2.0
- name: so-catalog-db-adapter
  repository: file://components/so-catalog-db-adapter
  version: 15.2.0
- name: so-cnf-adapter
  repository: file://components/so-cnf-adapter
  version: 15.0.1
- name: so-cnfm-lcm
  repository: file://components/so-cnfm-lcm
  version: 13.0.0
- name: so-etsi-nfvo-ns-lcm
  repository: file://components/so-etsi-nfvo-ns-lcm
  version: 13.0.0
- name: so-etsi-sol003-adapter
  repository: file://components/so-etsi-sol003-adapter
  version: 13.0.0
- name: so-mariadb
  repository: file://components/so-mariadb
  version: 16.0.0
- name: so-nssmf-adapter
  repository: file://components/so-nssmf-adapter
  version: 15.0.0
- name: so-oof-adapter
  repository: file://components/so-oof-adapter
  version: 15.0.0
- name: so-openstack-adapter
  repository: file://components/so-openstack-adapter
  version: 15.2.0
- name: so-request-db-adapter
  repository: file://components/so-request-db-adapter
  version: 15.2.0
- name: so-sdc-controller
  repository: file://components/so-sdc-controller
  version: 15.2.0
- name: so-sdnc-adapter
  repository: file://components/so-sdnc-adapter
  version: 15.2.0
- name: so-ve-vnfm-adapter
  repository: file://components/so-ve-vnfm-adapter
  version: 13.0.0
- name: so-etsi-sol005-adapter
  repository: file://components/so-etsi-sol005-adapter
  version: 13.0.0
- name: serviceAccount
  repository: http://localhost:18080
  version: 13.0.2
digest: sha256:bba121044b521da6d0c0ce546fa85a84c33cbf0d0d892eae45c1ddeef99191c7
generated: "2025-11-18T12:31:50.934937132+05:30"
