dependencies:
- name: common
  repository: http://localhost:18080
  version: 13.2.19
- name: repositoryGenerator
  repository: http://localhost:18080
  version: 13.0.3
- name: serviceAccount
  repository: http://localhost:18080
  version: 13.0.2
- name: readinessCheck
  repository: http://localhost:18080
  version: 13.1.4
digest: sha256:3c1ed149395cf52b143aa5b86af6b42e22d18db740db81e00eacf8b6ae3dbdac
generated: "2025-11-18T12:12:34.498661934+05:30"
