dependencies:
- name: common
  repository: http://localhost:18080
  version: 13.2.19
- name: readinessCheck
  repository: http://localhost:18080
  version: 13.1.4
- name: repositoryGenerator
  repository: http://localhost:18080
  version: 13.0.3
- name: serviceAccount
  repository: http://localhost:18080
  version: 13.0.2
digest: sha256:91e53c99c667955521484f7011bbc676dba06978f2e8ced94c0220b06e8fffcf
generated: "2025-11-18T11:42:23.827750245+05:30"
